
Microsoft Visual Studio Solution File, Format Version 12.00
# Visual Studio Version 17
VisualStudioVersion = 17.8.34322.80
MinimumVisualStudioVersion = 10.0.40219.1
Project("{FAE04EC0-301F-11D3-BF4B-00C04F79EFBC}") = "WashingManAPI", "WashingManAPI\WashingManAPI.csproj", "{F2078C5B-8C43-4BA2-A6FC-37E41A3024CF}"
EndProject
Global
	GlobalSection(SolutionConfigurationPlatforms) = preSolution
		Debug|Any CPU = Debug|Any CPU
		Release|Any CPU = Release|Any CPU
	EndGlobalSection
	GlobalSection(ProjectConfigurationPlatforms) = postSolution
		{F2078C5B-8C43-4BA2-A6FC-37E41A3024CF}.Debug|Any CPU.ActiveCfg = Debug|Any CPU
		{F2078C5B-8C43-4BA2-A6FC-37E41A3024CF}.Debug|Any CPU.Build.0 = Debug|Any CPU
		{F2078C5B-8C43-4BA2-A6FC-37E41A3024CF}.Release|Any CPU.ActiveCfg = Release|Any CPU
		{F2078C5B-8C43-4BA2-A6FC-37E41A3024CF}.Release|Any CPU.Build.0 = Release|Any CPU
	EndGlobalSection
	GlobalSection(SolutionProperties) = preSolution
		HideSolutionNode = FALSE
	EndGlobalSection
	GlobalSection(ExtensibilityGlobals) = postSolution
		SolutionGuid = {5C1C7F7B-742A-4C06-968C-992951B7A182}
	EndGlobalSection
EndGlobal
